{
  "name": "@abhi2601/date-formatter",
  "version": "1.0.0",
  "lockfileVersion": 3,
  "requires": true,
  "packages": {
    "": {
      "name": "@abhi2601/date-formatter",
      "version": "1.0.0",
      "license": "ISC",
      "dependencies": {
        "@abhi2601/date-formatter": "^1.0.0"
      }
    },
    "node_modules/@abhi2601/date-formatter": {
      "version": "1.0.0",
      "resolved": "https://registry.npmjs.org/@abhi2601/date-formatter/-/date-formatter-1.0.0.tgz",
      "integrity": "sha512-OQbCkEoo9Q9/KtMUjCDuvY7JvVZDbTKNqPRbH8pfgyq1w9K7IMPnOGBFpxUf+L3Cq+H4dItCKDLA9HEnf4JEYQ=="
    }
  }
}
